PODS:
  - Flutter (1.0.0)
  - starprinter (0.0.1):
    - Flutter

DEPENDENCIES:
  - Flutter (from `Flutter`)
  - starprinter (from `.symlinks/plugins/starprinter/ios`)

EXTERNAL SOURCES:
  Flutter:
    :path: Flutter
  starprinter:
    :path: ".symlinks/plugins/starprinter/ios"

SPEC CHECKSUMS:
  Flutter: f04841e97a9d0b0a8025694d0796dd46242b2854
  starprinter: 45bf15276bfac1a35f1468e24df5549462a8f0dd

PODFILE CHECKSUM: 663715e941f9adb426e33bf9376914006f9ea95b

COCOAPODS: 1.11.2
